
Microsoft Visual Studio Solution File, Format Version 12.00
# Visual Studio Version 16
VisualStudioVersion = 16.0.31729.503
MinimumVisualStudioVersion = 10.0.40219.1
Project("{FAE04EC0-301F-11D3-BF4B-00C04F79EFBC}") = "UiElements", "UiElements\UiElements.csproj", "{259C7161-9AFA-4097-868E-114AFB7ADBFF}"
EndProject
Global
	GlobalSection(SolutionConfigurationPlatforms) = preSolution
		Debug|Any CPU = Debug|Any CPU
		Release|Any CPU = Release|Any CPU
	EndGlobalSection
	GlobalSection(ProjectConfigurationPlatforms) = postSolution
		{259C7161-9AFA-4097-868E-114AFB7ADBFF}.Debug|Any CPU.ActiveCfg = Debug|Any CPU
		{259C7161-9AFA-4097-868E-114AFB7ADBFF}.Debug|Any CPU.Build.0 = Debug|Any CPU
		{259C7161-9AFA-4097-868E-114AFB7ADBFF}.Release|Any CPU.ActiveCfg = Release|Any CPU
		{259C7161-9AFA-4097-868E-114AFB7ADBFF}.Release|Any CPU.Build.0 = Release|Any CPU
	EndGlobalSection
	GlobalSection(SolutionProperties) = preSolution
		HideSolutionNode = FALSE
	EndGlobalSection
	GlobalSection(ExtensibilityGlobals) = postSolution
		SolutionGuid = {D0171CD5-141C-41EF-99D7-4C278FDE0291}
	EndGlobalSection
EndGlobal
