
Microsoft Visual Studio Solution File, Format Version 12.00
# Visual Studio Version 17
VisualStudioVersion = 17.1.31911.260
MinimumVisualStudioVersion = 10.0.40219.1
Project("{FAE04EC0-301F-11D3-BF4B-00C04F79EFBC}") = "WpfFigure", "WpfFigure\WpfFigure.csproj", "{208CBDB4-41B1-40D6-BE94-579F2AC1CC9D}"
EndProject
Global
	GlobalSection(SolutionConfigurationPlatforms) = preSolution
		Debug|Any CPU = Debug|Any CPU
		Release|Any CPU = Release|Any CPU
	EndGlobalSection
	GlobalSection(ProjectConfigurationPlatforms) = postSolution
		{208CBDB4-41B1-40D6-BE94-579F2AC1CC9D}.Debug|Any CPU.ActiveCfg = Debug|Any CPU
		{208CBDB4-41B1-40D6-BE94-579F2AC1CC9D}.Debug|Any CPU.Build.0 = Debug|Any CPU
		{208CBDB4-41B1-40D6-BE94-579F2AC1CC9D}.Release|Any CPU.ActiveCfg = Release|Any CPU
		{208CBDB4-41B1-40D6-BE94-579F2AC1CC9D}.Release|Any CPU.Build.0 = Release|Any CPU
	EndGlobalSection
	GlobalSection(SolutionProperties) = preSolution
		HideSolutionNode = FALSE
	EndGlobalSection
	GlobalSection(ExtensibilityGlobals) = postSolution
		SolutionGuid = {B53D8122-2E89-4F70-961C-A399876A6E2D}
	EndGlobalSection
EndGlobal
