
Microsoft Visual Studio Solution File, Format Version 12.00
# Visual Studio 14
VisualStudioVersion = 14.0.25420.1
MinimumVisualStudioVersion = 10.0.40219.1
Project("{FAE04EC0-301F-11D3-BF4B-00C04F79EFBC}") = "TableFunctions", "TableFunctions\TableFunctions.csproj", "{6A2D4E87-3796-473F-91DC-9A69890336EC}"
EndProject
Global
	GlobalSection(SolutionConfigurationPlatforms) = preSolution
		Debug|Any CPU = Debug|Any CPU
		Release|Any CPU = Release|Any CPU
	EndGlobalSection
	GlobalSection(ProjectConfigurationPlatforms) = postSolution
		{6A2D4E87-3796-473F-91DC-9A69890336EC}.Debug|Any CPU.ActiveCfg = Debug|Any CPU
		{6A2D4E87-3796-473F-91DC-9A69890336EC}.Debug|Any CPU.Build.0 = Debug|Any CPU
		{6A2D4E87-3796-473F-91DC-9A69890336EC}.Release|Any CPU.ActiveCfg = Release|Any CPU
		{6A2D4E87-3796-473F-91DC-9A69890336EC}.Release|Any CPU.Build.0 = Release|Any CPU
	EndGlobalSection
	GlobalSection(SolutionProperties) = preSolution
		HideSolutionNode = FALSE
	EndGlobalSection
EndGlobal
