
Microsoft Visual Studio Solution File, Format Version 12.00
# Visual Studio Version 17
VisualStudioVersion = 17.0.32002.185
MinimumVisualStudioVersion = 10.0.40219.1
Project("{FAE04EC0-301F-11D3-BF4B-00C04F79EFBC}") = "001_ContentInWPF", "ContentInWPF\001_ContentInWPF.csproj", "{71C1F1CA-7035-4C46-9AB3-43F15FE6A83B}"
EndProject
Project("{FAE04EC0-301F-11D3-BF4B-00C04F79EFBC}") = "002_DynamicContent", "DynamicContent\002_DynamicContent.csproj", "{FF3868AC-4F79-44D9-832E-4B1E578ED25D}"
EndProject
Project("{FAE04EC0-301F-11D3-BF4B-00C04F79EFBC}") = "003_PropertyContent", "PropertyContent\003_PropertyContent.csproj", "{1862DBE1-3694-476E-97BA-058A29B6B05B}"
EndProject
Project("{FAE04EC0-301F-11D3-BF4B-00C04F79EFBC}") = "004_ScrollViewer", "ScrollViewer\004_ScrollViewer.csproj", "{1B575617-AE6A-4E8F-814C-9094F937CB3F}"
EndProject
Project("{FAE04EC0-301F-11D3-BF4B-00C04F79EFBC}") = "005_RadioButtons", "RadioButtons\005_RadioButtons.csproj", "{F56833C7-E752-4B21-808D-57EB507416E4}"
EndProject
Global
	GlobalSection(SolutionConfigurationPlatforms) = preSolution
		Debug|Any CPU = Debug|Any CPU
		Release|Any CPU = Release|Any CPU
	EndGlobalSection
	GlobalSection(ProjectConfigurationPlatforms) = postSolution
		{71C1F1CA-7035-4C46-9AB3-43F15FE6A83B}.Debug|Any CPU.ActiveCfg = Debug|Any CPU
		{71C1F1CA-7035-4C46-9AB3-43F15FE6A83B}.Debug|Any CPU.Build.0 = Debug|Any CPU
		{71C1F1CA-7035-4C46-9AB3-43F15FE6A83B}.Release|Any CPU.ActiveCfg = Release|Any CPU
		{71C1F1CA-7035-4C46-9AB3-43F15FE6A83B}.Release|Any CPU.Build.0 = Release|Any CPU
		{FF3868AC-4F79-44D9-832E-4B1E578ED25D}.Debug|Any CPU.ActiveCfg = Debug|Any CPU
		{FF3868AC-4F79-44D9-832E-4B1E578ED25D}.Debug|Any CPU.Build.0 = Debug|Any CPU
		{FF3868AC-4F79-44D9-832E-4B1E578ED25D}.Release|Any CPU.ActiveCfg = Release|Any CPU
		{FF3868AC-4F79-44D9-832E-4B1E578ED25D}.Release|Any CPU.Build.0 = Release|Any CPU
		{1862DBE1-3694-476E-97BA-058A29B6B05B}.Debug|Any CPU.ActiveCfg = Debug|Any CPU
		{1862DBE1-3694-476E-97BA-058A29B6B05B}.Debug|Any CPU.Build.0 = Debug|Any CPU
		{1862DBE1-3694-476E-97BA-058A29B6B05B}.Release|Any CPU.ActiveCfg = Release|Any CPU
		{1862DBE1-3694-476E-97BA-058A29B6B05B}.Release|Any CPU.Build.0 = Release|Any CPU
		{1B575617-AE6A-4E8F-814C-9094F937CB3F}.Debug|Any CPU.ActiveCfg = Debug|Any CPU
		{1B575617-AE6A-4E8F-814C-9094F937CB3F}.Debug|Any CPU.Build.0 = Debug|Any CPU
		{1B575617-AE6A-4E8F-814C-9094F937CB3F}.Release|Any CPU.ActiveCfg = Release|Any CPU
		{1B575617-AE6A-4E8F-814C-9094F937CB3F}.Release|Any CPU.Build.0 = Release|Any CPU
		{F56833C7-E752-4B21-808D-57EB507416E4}.Debug|Any CPU.ActiveCfg = Debug|Any CPU
		{F56833C7-E752-4B21-808D-57EB507416E4}.Debug|Any CPU.Build.0 = Debug|Any CPU
		{F56833C7-E752-4B21-808D-57EB507416E4}.Release|Any CPU.ActiveCfg = Release|Any CPU
		{F56833C7-E752-4B21-808D-57EB507416E4}.Release|Any CPU.Build.0 = Release|Any CPU
	EndGlobalSection
	GlobalSection(SolutionProperties) = preSolution
		HideSolutionNode = FALSE
	EndGlobalSection
	GlobalSection(ExtensibilityGlobals) = postSolution
		SolutionGuid = {6CEB43FD-EB5A-4562-B407-D65944662206}
	EndGlobalSection
EndGlobal
