
Microsoft Visual Studio Solution File, Format Version 12.00
# Visual Studio Version 16
VisualStudioVersion = 16.0.31729.503
MinimumVisualStudioVersion = 10.0.40219.1
Project("{FAE04EC0-301F-11D3-BF4B-00C04F79EFBC}") = "RadioButtonsDemo", "RadioButtonsDemo\RadioButtonsDemo.csproj", "{031AAC73-1E36-470F-968F-B52D4BA6632E}"
EndProject
Global
	GlobalSection(SolutionConfigurationPlatforms) = preSolution
		Debug|Any CPU = Debug|Any CPU
		Release|Any CPU = Release|Any CPU
	EndGlobalSection
	GlobalSection(ProjectConfigurationPlatforms) = postSolution
		{031AAC73-1E36-470F-968F-B52D4BA6632E}.Debug|Any CPU.ActiveCfg = Debug|Any CPU
		{031AAC73-1E36-470F-968F-B52D4BA6632E}.Debug|Any CPU.Build.0 = Debug|Any CPU
		{031AAC73-1E36-470F-968F-B52D4BA6632E}.Release|Any CPU.ActiveCfg = Release|Any CPU
		{031AAC73-1E36-470F-968F-B52D4BA6632E}.Release|Any CPU.Build.0 = Release|Any CPU
	EndGlobalSection
	GlobalSection(SolutionProperties) = preSolution
		HideSolutionNode = FALSE
	EndGlobalSection
	GlobalSection(ExtensibilityGlobals) = postSolution
		SolutionGuid = {6358BB25-A071-4DEA-B40E-1B29417F5F03}
	EndGlobalSection
EndGlobal
